
Microsoft Visual Studio Solution File, Format Version 12.00
# Visual Studio Version 16
VisualStudioVersion = 16.0.30517.126
MinimumVisualStudioVersion = 10.0.40219.1
Project("{FAE04EC0-301F-11D3-BF4B-00C04F79EFBC}") = "DataAccess", "DataAccess\DataAccess.csproj", "{0F50DB77-2D1F-4E89-A732-20DDBBC2317F}"
EndProject
Project("{FAE04EC0-301F-11D3-BF4B-00C04F79EFBC}") = "Domain", "Domain\Domain.csproj", "{575E2953-A31D-42B6-811E-E035EF71FEFB}"
EndProject
Project("{FAE04EC0-301F-11D3-BF4B-00C04F79EFBC}") = "Presentacion", "Presentacion\Presentacion.csproj", "{5A6DF532-7F57-40A5-B527-B8BF03448F6F}"
EndProject
Global
	GlobalSection(SolutionConfigurationPlatforms) = preSolution
		Debug|Any CPU = Debug|Any CPU
		Release|Any CPU = Release|Any CPU
	EndGlobalSection
	GlobalSection(ProjectConfigurationPlatforms) = postSolution
		{0F50DB77-2D1F-4E89-A732-20DDBBC2317F}.Debug|Any CPU.ActiveCfg = Debug|Any CPU
		{0F50DB77-2D1F-4E89-A732-20DDBBC2317F}.Debug|Any CPU.Build.0 = Debug|Any CPU
		{0F50DB77-2D1F-4E89-A732-20DDBBC2317F}.Release|Any CPU.ActiveCfg = Release|Any CPU
		{0F50DB77-2D1F-4E89-A732-20DDBBC2317F}.Release|Any CPU.Build.0 = Release|Any CPU
		{575E2953-A31D-42B6-811E-E035EF71FEFB}.Debug|Any CPU.ActiveCfg = Debug|Any CPU
		{575E2953-A31D-42B6-811E-E035EF71FEFB}.Debug|Any CPU.Build.0 = Debug|Any CPU
		{575E2953-A31D-42B6-811E-E035EF71FEFB}.Release|Any CPU.ActiveCfg = Release|Any CPU
		{575E2953-A31D-42B6-811E-E035EF71FEFB}.Release|Any CPU.Build.0 = Release|Any CPU
		{5A6DF532-7F57-40A5-B527-B8BF03448F6F}.Debug|Any CPU.ActiveCfg = Debug|Any CPU
		{5A6DF532-7F57-40A5-B527-B8BF03448F6F}.Debug|Any CPU.Build.0 = Debug|Any CPU
		{5A6DF532-7F57-40A5-B527-B8BF03448F6F}.Release|Any CPU.ActiveCfg = Release|Any CPU
		{5A6DF532-7F57-40A5-B527-B8BF03448F6F}.Release|Any CPU.Build.0 = Release|Any CPU
	EndGlobalSection
	GlobalSection(SolutionProperties) = preSolution
		HideSolutionNode = FALSE
	EndGlobalSection
	GlobalSection(ExtensibilityGlobals) = postSolution
		SolutionGuid = {FD1B3C3C-7DA5-4BA0-8B90-4B86832F2D47}
	EndGlobalSection
EndGlobal
